{
  "name": "orbital-volume",
  "version": "1.1.7",
  "lockfileVersion": 3,
  "requires": true,
  "packages": {
    "": {
      "name": "orbital-volume",
      "version": "1.1.7",
      "license": "MIT",
      "dependencies": {
        "@orbitalfoundation/bus": "^2.0.0"
      }
    },
    "node_modules/@orbitalfoundation/bus": {
      "version": "2.0.0",
      "resolved": "https://registry.npmjs.org/@orbitalfoundation/bus/-/bus-2.0.0.tgz",
      "integrity": "sha512-HHqeK64Wb1/x7a3SUOQviikfqoZcpGtwX0gm7jPFteKy1S5+hdYvG73BI8vG1oldeD73a+6AnNUhc82gp5ybJA==",
      "license": "MIT",
      "dependencies": {
        "@orbitalfoundation/utils": "^2.0.0"
      },
      "bin": {
        "orbital-bus": "run.js"
      },
      "engines": {
        "node": ">=18"
      }
    },
    "node_modules/@orbitalfoundation/utils": {
      "version": "2.0.0",
      "resolved": "https://registry.npmjs.org/@orbitalfoundation/utils/-/utils-2.0.0.tgz",
      "integrity": "sha512-DdQLX1Y6CF+i1E9sw95fbMF67cfjEc/rbu6bLiozgw5Rhhbd7zSW6BCi2Tt67fVbOWnXOuTpFVoBeiIokupvSQ==",
      "license": "MIT",
      "engines": {
        "node": ">=18"
      }
    }
  }
}
